
Microsoft Visual Studio Solution File, Format Version 12.00
# Visual Studio Version 17
VisualStudioVersion = 17.12.35707.178 d17.12
MinimumVisualStudioVersion = 10.0.40219.1
Project("{FAE04EC0-301F-11D3-BF4B-00C04F79EFBC}") = "Rolling.Logging", "Rolling.Logging\Rolling.Logging.csproj", "{C7A248A1-8369-4FD0-B9C7-85B094AC3067}"
EndProject
Project("{FAE04EC0-301F-11D3-BF4B-00C04F79EFBC}") = "Rolling.Logging.Demo", "Rolling.Logging.Demo\Rolling.Logging.Demo.csproj", "{EB476A18-A22D-4150-90D8-765DC20F8060}"
EndProject
Global
	GlobalSection(SolutionConfigurationPlatforms) = preSolution
		Debug|Any CPU = Debug|Any CPU
		Release|Any CPU = Release|Any CPU
	EndGlobalSection
	GlobalSection(ProjectConfigurationPlatforms) = postSolution
		{C7A248A1-8369-4FD0-B9C7-85B094AC3067}.Debug|Any CPU.ActiveCfg = Debug|Any CPU
		{C7A248A1-8369-4FD0-B9C7-85B094AC3067}.Debug|Any CPU.Build.0 = Debug|Any CPU
		{C7A248A1-8369-4FD0-B9C7-85B094AC3067}.Release|Any CPU.ActiveCfg = Release|Any CPU
		{C7A248A1-8369-4FD0-B9C7-85B094AC3067}.Release|Any CPU.Build.0 = Release|Any CPU
		{EB476A18-A22D-4150-90D8-765DC20F8060}.Debug|Any CPU.ActiveCfg = Debug|Any CPU
		{EB476A18-A22D-4150-90D8-765DC20F8060}.Debug|Any CPU.Build.0 = Debug|Any CPU
		{EB476A18-A22D-4150-90D8-765DC20F8060}.Release|Any CPU.ActiveCfg = Release|Any CPU
		{EB476A18-A22D-4150-90D8-765DC20F8060}.Release|Any CPU.Build.0 = Release|Any CPU
	EndGlobalSection
	GlobalSection(SolutionProperties) = preSolution
		HideSolutionNode = FALSE
	EndGlobalSection
EndGlobal
